
Microsoft Visual Studio Solution File, Format Version 10.00
# Visual Studio 2008
Project("{8BC9CEB8-8B4A-11D0-8D11-00A0C91BC942}") = "DTK", "DTK\DTK.vcproj", "{04E1FBA6-3F77-4F4D-8D0B-9B2F2D6807AE}"
EndProject
Project("{8BC9CEB8-8B4A-11D0-8D11-00A0C91BC942}") = "TestDemo", "TestDemo\TestDemo.vcproj", "{A587AFCA-3E80-42E7-A051-AC43F4A3782C}"
EndProject
Global
	GlobalSection(SolutionConfigurationPlatforms) = preSolution
		Debug|Win32 = Debug|Win32
		Release|Win32 = Release|Win32
	EndGlobalSection
	GlobalSection(ProjectConfigurationPlatforms) = postSolution
		{04E1FBA6-3F77-4F4D-8D0B-9B2F2D6807AE}.Debug|Win32.ActiveCfg = Debug|Win32
		{04E1FBA6-3F77-4F4D-8D0B-9B2F2D6807AE}.Debug|Win32.Build.0 = Debug|Win32
		{04E1FBA6-3F77-4F4D-8D0B-9B2F2D6807AE}.Release|Win32.ActiveCfg = Release|Win32
		{04E1FBA6-3F77-4F4D-8D0B-9B2F2D6807AE}.Release|Win32.Build.0 = Release|Win32
		{A587AFCA-3E80-42E7-A051-AC43F4A3782C}.Debug|Win32.ActiveCfg = Debug|Win32
		{A587AFCA-3E80-42E7-A051-AC43F4A3782C}.Debug|Win32.Build.0 = Debug|Win32
		{A587AFCA-3E80-42E7-A051-AC43F4A3782C}.Release|Win32.ActiveCfg = Release|Win32
		{A587AFCA-3E80-42E7-A051-AC43F4A3782C}.Release|Win32.Build.0 = Release|Win32
	EndGlobalSection
	GlobalSection(SolutionProperties) = preSolution
		HideSolutionNode = FALSE
	EndGlobalSection
EndGlobal
